
Microsoft Visual Studio Solution File, Format Version 12.00
# Visual Studio Version 17
VisualStudioVersion = 17.10.35004.147
MinimumVisualStudioVersion = 10.0.40219.1
Project("{FAE04EC0-301F-11D3-BF4B-00C04F79EFBC}") = "Proyecto", "Proyecto\Proyecto.csproj", "{C4BCFAF8-830C-435E-9264-84C46C989752}"
EndProject
Global
	GlobalSection(SolutionConfigurationPlatforms) = preSolution
		Debug|Any CPU = Debug|Any CPU
		Release|Any CPU = Release|Any CPU
	EndGlobalSection
	GlobalSection(ProjectConfigurationPlatforms) = postSolution
		{C4BCFAF8-830C-435E-9264-84C46C989752}.Debug|Any CPU.ActiveCfg = Debug|Any CPU
		{C4BCFAF8-830C-435E-9264-84C46C989752}.Debug|Any CPU.Build.0 = Debug|Any CPU
		{C4BCFAF8-830C-435E-9264-84C46C989752}.Release|Any CPU.ActiveCfg = Release|Any CPU
		{C4BCFAF8-830C-435E-9264-84C46C989752}.Release|Any CPU.Build.0 = Release|Any CPU
	EndGlobalSection
	GlobalSection(SolutionProperties) = preSolution
		HideSolutionNode = FALSE
	EndGlobalSection
	GlobalSection(ExtensibilityGlobals) = postSolution
		SolutionGuid = {DEB7191B-7B11-467F-85D7-07760085A071}
	EndGlobalSection
EndGlobal
